
Microsoft Visual Studio Solution File, Format Version 11.00
# Visual Studio 2010
Project("{6989167D-11E4-40FE-8C1A-2192A86A7E90}") = "check_data", "check_data.vfproj", "{D6CEB2CE-264D-4B75-990F-8203D1EA465A}"
EndProject
Global
	GlobalSection(SolutionConfigurationPlatforms) = preSolution
		Debug|Win32 = Debug|Win32
		Release|Win32 = Release|Win32
	EndGlobalSection
	GlobalSection(ProjectConfigurationPlatforms) = postSolution
		{D6CEB2CE-264D-4B75-990F-8203D1EA465A}.Debug|Win32.ActiveCfg = Debug|Win32
		{D6CEB2CE-264D-4B75-990F-8203D1EA465A}.Debug|Win32.Build.0 = Debug|Win32
		{D6CEB2CE-264D-4B75-990F-8203D1EA465A}.Release|Win32.ActiveCfg = Release|Win32
		{D6CEB2CE-264D-4B75-990F-8203D1EA465A}.Release|Win32.Build.0 = Release|Win32
	EndGlobalSection
	GlobalSection(SolutionProperties) = preSolution
		HideSolutionNode = FALSE
	EndGlobalSection
EndGlobal
