
Microsoft Visual Studio Solution File, Format Version 11.00
# Visual Studio 2010
Project("{6989167D-11E4-40FE-8C1A-2192A86A7E90}") = "refrays_", "refrays_.vfproj", "{07404610-7243-41A5-A481-780090C4BCEB}"
EndProject
Global
	GlobalSection(SolutionConfigurationPlatforms) = preSolution
		Debug|Win32 = Debug|Win32
		Release|Win32 = Release|Win32
	EndGlobalSection
	GlobalSection(ProjectConfigurationPlatforms) = postSolution
		{07404610-7243-41A5-A481-780090C4BCEB}.Debug|Win32.ActiveCfg = Debug|Win32
		{07404610-7243-41A5-A481-780090C4BCEB}.Debug|Win32.Build.0 = Debug|Win32
		{07404610-7243-41A5-A481-780090C4BCEB}.Release|Win32.ActiveCfg = Release|Win32
		{07404610-7243-41A5-A481-780090C4BCEB}.Release|Win32.Build.0 = Release|Win32
	EndGlobalSection
	GlobalSection(SolutionProperties) = preSolution
		HideSolutionNode = FALSE
	EndGlobalSection
EndGlobal
